{
  "name": "node-starter",
  "version": "0.0.0",
  "lockfileVersion": 2,
  "requires": true,
  "packages": {
    "": {
      "name": "node-starter",
      "version": "0.0.0",
      "dependencies": {
        "data-forge": "^1.9.6",
        "docxtemplater": "^3.33.0",
        "pizzip": "^3.1.4"
      }
    },
    "node_modules/@data-forge/serialization": {
      "version": "1.0.1",
      "resolved": "https://registry.npmjs.org/@data-forge/serialization/-/serialization-1.0.1.tgz",
      "integrity": "sha512-EP7IWimh5JcDOISVoXvNIjUAqcPN1FkNWvuvjY3uzcswErxB8j93ldlUBvgvGEszqFRwMM3fpMF0HrISg5iBSQ=="
    },
    "node_modules/@xmldom/xmldom": {
      "version": "0.8.6",
      "resolved": "https://registry.npmjs.org/@xmldom/xmldom/-/xmldom-0.8.6.tgz",
      "integrity": "sha512-uRjjusqpoqfmRkTaNuLJ2VohVr67Q5YwDATW3VU7PfzTj6IRaihGrYI7zckGZjxQPBIp63nfvJbM+Yu5ICh0Bg==",
      "engines": {
        "node": ">=10.0.0"
      }
    },
    "node_modules/clone": {
      "version": "1.0.4",
      "resolved": "https://registry.npmjs.org/clone/-/clone-1.0.4.tgz",
      "integrity": "sha512-JQHZ2QMW6l3aH/j6xCqQThY/9OH4D/9ls34cgkUBiEeocRTU04tHfKPBsUK1PqZCUQM7GiA0IIXJSuXHI64Kbg==",
      "optional": true,
      "engines": {
        "node": ">=0.8"
      }
    },
    "node_modules/data-forge": {
      "version": "1.9.6",
      "resolved": "https://registry.npmjs.org/data-forge/-/data-forge-1.9.6.tgz",
      "integrity": "sha512-O8eTTfr857gcdHz9NA7y3y0it8EC13ZgckCZOuFr/QoFepSArpYa/cKLTzwzEwtNf1m7viqQzFG5jIHAatcUww==",
      "hasInstallScript": true,
      "dependencies": {
        "@data-forge/serialization": "^1.0.0",
        "dayjs": "^1.8.12",
        "easy-table": "1.1.0",
        "json5": "^2.1.0",
        "numeral": "^2.0.6",
        "papaparse": "5.2.0",
        "typy": "^3.0.1"
      }
    },
    "node_modules/dayjs": {
      "version": "1.11.7",
      "resolved": "https://registry.npmjs.org/dayjs/-/dayjs-1.11.7.tgz",
      "integrity": "sha512-+Yw9U6YO5TQohxLcIkrXBeY73WP3ejHWVvx8XCk3gxvQDCTEmS48ZrSZCKciI7Bhl/uCMyxYtE9UqRILmFphkQ=="
    },
    "node_modules/defaults": {
      "version": "1.0.4",
      "resolved": "https://registry.npmjs.org/defaults/-/defaults-1.0.4.tgz",
      "integrity": "sha512-eFuaLoy/Rxalv2kr+lqMlUnrDWV+3j4pljOIJgLIhI058IQfWJ7vXhyEIHu+HtC738klGALYxOKDO0bQP3tg8A==",
      "optional": true,
      "dependencies": {
        "clone": "^1.0.2"
      },
      "funding": {
        "url": "https://github.com/sponsors/sindresorhus"
      }
    },
    "node_modules/docxtemplater": {
      "version": "3.33.0",
      "resolved": "https://registry.npmjs.org/docxtemplater/-/docxtemplater-3.33.0.tgz",
      "integrity": "sha512-AWNEQwI6KpndL4X0IKy6nQKOyvcg7aPsjz8gI44rpgp19XzvEobhRqx+S4UCW3OdAEZhfAzW46qCHMNdSOpPEA==",
      "dependencies": {
        "@xmldom/xmldom": "^0.8.6"
      },
      "engines": {
        "node": ">=0.10"
      }
    },
    "node_modules/easy-table": {
      "version": "1.1.0",
      "resolved": "https://registry.npmjs.org/easy-table/-/easy-table-1.1.0.tgz",
      "integrity": "sha512-oq33hWOSSnl2Hoh00tZWaIPi1ievrD9aFG82/IgjlycAnW9hHx5PkJiXpxPsgEE+H7BsbVQXFVFST8TEXS6/pA==",
      "optionalDependencies": {
        "wcwidth": ">=1.0.1"
      }
    },
    "node_modules/json5": {
      "version": "2.2.3",
      "resolved": "https://registry.npmjs.org/json5/-/json5-2.2.3.tgz",
      "integrity": "sha512-XmOWe7eyHYH14cLdVPoyg+GOH3rYX++KpzrylJwSW98t3Nk+U8XOl8FWKOgwtzdb8lXGf6zYwDUzeHMWfxasyg==",
      "bin": {
        "json5": "lib/cli.js"
      },
      "engines": {
        "node": ">=6"
      }
    },
    "node_modules/numeral": {
      "version": "2.0.6",
      "resolved": "https://registry.npmjs.org/numeral/-/numeral-2.0.6.tgz",
      "integrity": "sha512-qaKRmtYPZ5qdw4jWJD6bxEf1FJEqllJrwxCLIm0sQU/A7v2/czigzOb+C2uSiFsa9lBUzeH7M1oK+Q+OLxL3kA==",
      "engines": {
        "node": "*"
      }
    },
    "node_modules/pako": {
      "version": "2.1.0",
      "resolved": "https://registry.npmjs.org/pako/-/pako-2.1.0.tgz",
      "integrity": "sha512-w+eufiZ1WuJYgPXbV/PO3NCMEc3xqylkKHzp8bxp1uW4qaSNQUkwmLLEc3kKsfz8lpV1F8Ht3U1Cm+9Srog2ug=="
    },
    "node_modules/papaparse": {
      "version": "5.2.0",
      "resolved": "https://registry.npmjs.org/papaparse/-/papaparse-5.2.0.tgz",
      "integrity": "sha512-ylq1wgUSnagU+MKQtNeVqrPhZuMYBvOSL00DHycFTCxownF95gpLAk1HiHdUW77N8yxRq1qHXLdlIPyBSG9NSA=="
    },
    "node_modules/pizzip": {
      "version": "3.1.4",
      "resolved": "https://registry.npmjs.org/pizzip/-/pizzip-3.1.4.tgz",
      "integrity": "sha512-08yol1Of5Og1E0a1R56c+Z1jVkvfTEBUouwG9WYwCqpj8BjdcpEpLgZsrdLFNQYRgtxK0OOe0JpmBWJdrPr6Dg==",
      "dependencies": {
        "pako": "^2.1.0"
      }
    },
    "node_modules/typy": {
      "version": "3.3.0",
      "resolved": "https://registry.npmjs.org/typy/-/typy-3.3.0.tgz",
      "integrity": "sha512-Du53deMF9X9pSM3gVXDjLBq14BUfZWSGKfmmR1kTlg953RaIZehfc8fQuoAiW+SRO6bJsP+59mv1tsH8vwKghg=="
    },
    "node_modules/wcwidth": {
      "version": "1.0.1",
      "resolved": "https://registry.npmjs.org/wcwidth/-/wcwidth-1.0.1.tgz",
      "integrity": "sha512-XHPEwS0q6TaxcvG85+8EYkbiCux2XtWG2mkc47Ng2A77BQu9+DqIOJldST4HgPkuea7dvKSj5VgX3P1d4rW8Tg==",
      "optional": true,
      "dependencies": {
        "defaults": "^1.0.3"
      }
    }
  },
  "dependencies": {
    "@data-forge/serialization": {
      "version": "1.0.1",
      "resolved": "https://registry.npmjs.org/@data-forge/serialization/-/serialization-1.0.1.tgz",
      "integrity": "sha512-EP7IWimh5JcDOISVoXvNIjUAqcPN1FkNWvuvjY3uzcswErxB8j93ldlUBvgvGEszqFRwMM3fpMF0HrISg5iBSQ=="
    },
    "@xmldom/xmldom": {
      "version": "0.8.6",
      "resolved": "https://registry.npmjs.org/@xmldom/xmldom/-/xmldom-0.8.6.tgz",
      "integrity": "sha512-uRjjusqpoqfmRkTaNuLJ2VohVr67Q5YwDATW3VU7PfzTj6IRaihGrYI7zckGZjxQPBIp63nfvJbM+Yu5ICh0Bg=="
    },
    "clone": {
      "version": "1.0.4",
      "resolved": "https://registry.npmjs.org/clone/-/clone-1.0.4.tgz",
      "integrity": "sha512-JQHZ2QMW6l3aH/j6xCqQThY/9OH4D/9ls34cgkUBiEeocRTU04tHfKPBsUK1PqZCUQM7GiA0IIXJSuXHI64Kbg==",
      "optional": true
    },
    "data-forge": {
      "version": "1.9.6",
      "resolved": "https://registry.npmjs.org/data-forge/-/data-forge-1.9.6.tgz",
      "integrity": "sha512-O8eTTfr857gcdHz9NA7y3y0it8EC13ZgckCZOuFr/QoFepSArpYa/cKLTzwzEwtNf1m7viqQzFG5jIHAatcUww==",
      "requires": {
        "@data-forge/serialization": "^1.0.0",
        "dayjs": "^1.8.12",
        "easy-table": "1.1.0",
        "json5": "^2.1.0",
        "numeral": "^2.0.6",
        "papaparse": "5.2.0",
        "typy": "^3.0.1"
      }
    },
    "dayjs": {
      "version": "1.11.7",
      "resolved": "https://registry.npmjs.org/dayjs/-/dayjs-1.11.7.tgz",
      "integrity": "sha512-+Yw9U6YO5TQohxLcIkrXBeY73WP3ejHWVvx8XCk3gxvQDCTEmS48ZrSZCKciI7Bhl/uCMyxYtE9UqRILmFphkQ=="
    },
    "defaults": {
      "version": "1.0.4",
      "resolved": "https://registry.npmjs.org/defaults/-/defaults-1.0.4.tgz",
      "integrity": "sha512-eFuaLoy/Rxalv2kr+lqMlUnrDWV+3j4pljOIJgLIhI058IQfWJ7vXhyEIHu+HtC738klGALYxOKDO0bQP3tg8A==",
      "optional": true,
      "requires": {
        "clone": "^1.0.2"
      }
    },
    "docxtemplater": {
      "version": "3.33.0",
      "resolved": "https://registry.npmjs.org/docxtemplater/-/docxtemplater-3.33.0.tgz",
      "integrity": "sha512-AWNEQwI6KpndL4X0IKy6nQKOyvcg7aPsjz8gI44rpgp19XzvEobhRqx+S4UCW3OdAEZhfAzW46qCHMNdSOpPEA==",
      "requires": {
        "@xmldom/xmldom": "^0.8.6"
      }
    },
    "easy-table": {
      "version": "1.1.0",
      "resolved": "https://registry.npmjs.org/easy-table/-/easy-table-1.1.0.tgz",
      "integrity": "sha512-oq33hWOSSnl2Hoh00tZWaIPi1ievrD9aFG82/IgjlycAnW9hHx5PkJiXpxPsgEE+H7BsbVQXFVFST8TEXS6/pA==",
      "requires": {
        "wcwidth": ">=1.0.1"
      }
    },
    "json5": {
      "version": "2.2.3",
      "resolved": "https://registry.npmjs.org/json5/-/json5-2.2.3.tgz",
      "integrity": "sha512-XmOWe7eyHYH14cLdVPoyg+GOH3rYX++KpzrylJwSW98t3Nk+U8XOl8FWKOgwtzdb8lXGf6zYwDUzeHMWfxasyg=="
    },
    "numeral": {
      "version": "2.0.6",
      "resolved": "https://registry.npmjs.org/numeral/-/numeral-2.0.6.tgz",
      "integrity": "sha512-qaKRmtYPZ5qdw4jWJD6bxEf1FJEqllJrwxCLIm0sQU/A7v2/czigzOb+C2uSiFsa9lBUzeH7M1oK+Q+OLxL3kA=="
    },
    "pako": {
      "version": "2.1.0",
      "resolved": "https://registry.npmjs.org/pako/-/pako-2.1.0.tgz",
      "integrity": "sha512-w+eufiZ1WuJYgPXbV/PO3NCMEc3xqylkKHzp8bxp1uW4qaSNQUkwmLLEc3kKsfz8lpV1F8Ht3U1Cm+9Srog2ug=="
    },
    "papaparse": {
      "version": "5.2.0",
      "resolved": "https://registry.npmjs.org/papaparse/-/papaparse-5.2.0.tgz",
      "integrity": "sha512-ylq1wgUSnagU+MKQtNeVqrPhZuMYBvOSL00DHycFTCxownF95gpLAk1HiHdUW77N8yxRq1qHXLdlIPyBSG9NSA=="
    },
    "pizzip": {
      "version": "3.1.4",
      "resolved": "https://registry.npmjs.org/pizzip/-/pizzip-3.1.4.tgz",
      "integrity": "sha512-08yol1Of5Og1E0a1R56c+Z1jVkvfTEBUouwG9WYwCqpj8BjdcpEpLgZsrdLFNQYRgtxK0OOe0JpmBWJdrPr6Dg==",
      "requires": {
        "pako": "^2.1.0"
      }
    },
    "typy": {
      "version": "3.3.0",
      "resolved": "https://registry.npmjs.org/typy/-/typy-3.3.0.tgz",
      "integrity": "sha512-Du53deMF9X9pSM3gVXDjLBq14BUfZWSGKfmmR1kTlg953RaIZehfc8fQuoAiW+SRO6bJsP+59mv1tsH8vwKghg=="
    },
    "wcwidth": {
      "version": "1.0.1",
      "resolved": "https://registry.npmjs.org/wcwidth/-/wcwidth-1.0.1.tgz",
      "integrity": "sha512-XHPEwS0q6TaxcvG85+8EYkbiCux2XtWG2mkc47Ng2A77BQu9+DqIOJldST4HgPkuea7dvKSj5VgX3P1d4rW8Tg==",
      "optional": true,
      "requires": {
        "defaults": "^1.0.3"
      }
    }
  }
}
